
Microsoft Visual Studio Solution File, Format Version 12.00
# Visual Studio Version 16
VisualStudioVersion = 16.0.29926.136
MinimumVisualStudioVersion = 10.0.40219.1
Project("{FAE04EC0-301F-11D3-BF4B-00C04F79EFBC}") = "MyIntLibrary", "MyIntLibrary\MyIntLibrary.csproj", "{0CDE1607-1A75-469F-AFD9-4178796CEBF5}"
EndProject
Project("{FAE04EC0-301F-11D3-BF4B-00C04F79EFBC}") = "MyIntLibrary.Test", "MyIntLibrary.Test\MyIntLibrary.Test.csproj", "{216D159F-B041-44D9-B1C2-E50C9EA72057}"
EndProject
Project("{FAE04EC0-301F-11D3-BF4B-00C04F79EFBC}") = "DEQueue", "DEQueue\DEQueue.csproj", "{E6B259B2-D0A1-44F0-9138-8928ADDF572D}"
EndProject
Project("{FAE04EC0-301F-11D3-BF4B-00C04F79EFBC}") = "DEQueue.Test", "DEQueue.Test\DEQueue.Test.csproj", "{A58FE522-B2FC-4AFF-8E8D-645031C1A507}"
EndProject
Global
	GlobalSection(SolutionConfigurationPlatforms) = preSolution
		Debug|Any CPU = Debug|Any CPU
		Release|Any CPU = Release|Any CPU
	EndGlobalSection
	GlobalSection(ProjectConfigurationPlatforms) = postSolution
		{0CDE1607-1A75-469F-AFD9-4178796CEBF5}.Debug|Any CPU.ActiveCfg = Debug|Any CPU
		{0CDE1607-1A75-469F-AFD9-4178796CEBF5}.Debug|Any CPU.Build.0 = Debug|Any CPU
		{0CDE1607-1A75-469F-AFD9-4178796CEBF5}.Release|Any CPU.ActiveCfg = Release|Any CPU
		{0CDE1607-1A75-469F-AFD9-4178796CEBF5}.Release|Any CPU.Build.0 = Release|Any CPU
		{216D159F-B041-44D9-B1C2-E50C9EA72057}.Debug|Any CPU.ActiveCfg = Debug|Any CPU
		{216D159F-B041-44D9-B1C2-E50C9EA72057}.Debug|Any CPU.Build.0 = Debug|Any CPU
		{216D159F-B041-44D9-B1C2-E50C9EA72057}.Release|Any CPU.ActiveCfg = Release|Any CPU
		{216D159F-B041-44D9-B1C2-E50C9EA72057}.Release|Any CPU.Build.0 = Release|Any CPU
		{E6B259B2-D0A1-44F0-9138-8928ADDF572D}.Debug|Any CPU.ActiveCfg = Debug|Any CPU
		{E6B259B2-D0A1-44F0-9138-8928ADDF572D}.Debug|Any CPU.Build.0 = Debug|Any CPU
		{E6B259B2-D0A1-44F0-9138-8928ADDF572D}.Release|Any CPU.ActiveCfg = Release|Any CPU
		{E6B259B2-D0A1-44F0-9138-8928ADDF572D}.Release|Any CPU.Build.0 = Release|Any CPU
		{A58FE522-B2FC-4AFF-8E8D-645031C1A507}.Debug|Any CPU.ActiveCfg = Debug|Any CPU
		{A58FE522-B2FC-4AFF-8E8D-645031C1A507}.Debug|Any CPU.Build.0 = Debug|Any CPU
		{A58FE522-B2FC-4AFF-8E8D-645031C1A507}.Release|Any CPU.ActiveCfg = Release|Any CPU
		{A58FE522-B2FC-4AFF-8E8D-645031C1A507}.Release|Any CPU.Build.0 = Release|Any CPU
	EndGlobalSection
	GlobalSection(SolutionProperties) = preSolution
		HideSolutionNode = FALSE
	EndGlobalSection
	GlobalSection(ExtensibilityGlobals) = postSolution
		SolutionGuid = {6ABB3D88-7679-420B-BFE2-5C97ACBAFC99}
	EndGlobalSection
EndGlobal
